
Microsoft Visual Studio Solution File, Format Version 12.00
# Visual Studio Version 17
VisualStudioVersion = 17.9.34622.214
MinimumVisualStudioVersion = 10.0.40219.1
Project("{E24C65DC-7377-472B-9ABA-BC803B73C61A}") = "nukem", "nukem\", "{FD0C4EA4-20AB-47C7-B5DA-7B344A0A1EDA}"
	ProjectSection(WebsiteProperties) = preProject
		TargetFrameworkMoniker = ".NETFramework,Version%3Dv4.7.2"
		Debug.AspNetCompiler.VirtualPath = "/localhost_56162"
		Debug.AspNetCompiler.PhysicalPath = "nukem\"
		Debug.AspNetCompiler.TargetPath = "PrecompiledWeb\localhost_56162\"
		Debug.AspNetCompiler.Updateable = "true"
		Debug.AspNetCompiler.ForceOverwrite = "true"
		Debug.AspNetCompiler.FixedNames = "false"
		Debug.AspNetCompiler.Debug = "True"
		Release.AspNetCompiler.VirtualPath = "/localhost_56162"
		Release.AspNetCompiler.PhysicalPath = "nukem\"
		Release.AspNetCompiler.TargetPath = "PrecompiledWeb\localhost_56162\"
		Release.AspNetCompiler.Updateable = "true"
		Release.AspNetCompiler.ForceOverwrite = "true"
		Release.AspNetCompiler.FixedNames = "false"
		Release.AspNetCompiler.Debug = "False"
		VWDPort = "56162"
		SlnRelativePath = "nukem\"
		DefaultWebSiteLanguage = "Visual C#"
	EndProjectSection
EndProject
Global
	GlobalSection(SolutionConfigurationPlatforms) = preSolution
		Debug|Any CPU = Debug|Any CPU
	EndGlobalSection
	GlobalSection(ProjectConfigurationPlatforms) = postSolution
		{FD0C4EA4-20AB-47C7-B5DA-7B344A0A1EDA}.Debug|Any CPU.ActiveCfg = Debug|Any CPU
		{FD0C4EA4-20AB-47C7-B5DA-7B344A0A1EDA}.Debug|Any CPU.Build.0 = Debug|Any CPU
	EndGlobalSection
	GlobalSection(SolutionProperties) = preSolution
		HideSolutionNode = FALSE
	EndGlobalSection
	GlobalSection(ExtensibilityGlobals) = postSolution
		SolutionGuid = {85D73DCF-416E-45AE-877D-EED7678ADC15}
	EndGlobalSection
EndGlobal
